<?xml version="1.0" encoding="utf-8"?>
<Project ToolsVersion="4.0" xmlns="http://schemas.microsoft.com/developer/msbuild/2003">
  <ItemGroup>
    <Filter Include="Source Files">
      <UniqueIdentifier>{4FC737F1-C7A5-4376-A066-2A32D752A2FF}</UniqueIdentifier>
      <Extensions>cpp;c;cc;cxx;def;odl;idl;hpj;bat;asm;asmx</Extensions>
    </Filter>
    <Filter Include="Header Files">
      <UniqueIdentifier>{93995380-89BD-4b04-88EB-625FBE52EBFB}</UniqueIdentifier>
      <Extensions>h;hh;hpp;hxx;hm;inl;inc;ipp;xsd</Extensions>
    </Filter>
    <Filter Include="Resource Files">
      <UniqueIdentifier>{67DA6AB6-F800-4c08-8B7A-83BB121AAD01}</UniqueIdentifier>
      <Extensions>rc;ico;cur;bmp;dlg;rc2;rct;bin;rgs;gif;jpg;jpeg;jpe;resx;tiff;tif;png;wav;mfcribbon-ms</Extensions>
    </Filter>
  </ItemGroup>
  <ItemGroup>
    <ClCompile Include="Game.cpp">
      <Filter>Source Files</Filter>
    </ClCompile>
    <ClCompile Include="Main.cpp">
      <Filter>Source Files</Filter>
    </ClCompile>
    <ClCompile Include="Animations\Animation.cpp">
      <Filter>Source Files</Filter>
    </ClCompile>
    <ClCompile Include="Animations\AnimatedSprite.cpp">
      <Filter>Source Files</Filter>
    </ClCompile>
    <ClCompile Include="Entities\Entity.cpp">
      <Filter>Source Files</Filter>
    </ClCompile>
    <ClCompile Include="Entities\Characters\Character.cpp">
      <Filter>Source Files</Filter>
    </ClCompile>
    <ClCompile Include="Entities\Characters\Hero\Hero.cpp">
      <Filter>Source Files</Filter>
    </ClCompile>
    <ClCompile Include="Entities\Items\Potion.cpp">
      <Filter>Source Files</Filter>
    </ClCompile>
    <ClCompile Include="Entities\Items\Item.cpp">
      <Filter>Source Files</Filter>
    </ClCompile>
    <ClCompile Include="Entities\Items\Tree.cpp">
      <Filter>Source Files</Filter>
    </ClCompile>
    <ClCompile Include="ItemBag.cpp">
      <Filter>Source Files</Filter>
    </ClCompile>
    <ClCompile Include="Entities\Characters\ComputerPlayers\Enemies\FireChicken.cpp">
      <Filter>Source Files</Filter>
    </ClCompile>
    <ClCompile Include="Factories\ItemFactory.cpp">
      <Filter>Source Files</Filter>
    </ClCompile>
    <ClCompile Include="Entities\Characters\ComputerPlayers\Enemies\Fish.cpp">
      <Filter>Source Files</Filter>
    </ClCompile>
    <ClCompile Include="Entities\Characters\ComputerPlayers\Enemies\FishTwo.cpp">
      <Filter>Source Files</Filter>
    </ClCompile>
    <ClCompile Include="Entities\Characters\ComputerPlayers\Enemies\FlyingRodent.cpp">
      <Filter>Source Files</Filter>
    </ClCompile>
    <ClCompile Include="Entities\Characters\ComputerPlayers\Enemies\GhostMan.cpp">
      <Filter>Source Files</Filter>
    </ClCompile>
    <ClCompile Include="Entities\Characters\ComputerPlayers\Enemies\HairlessCat.cpp">
      <Filter>Source Files</Filter>
    </ClCompile>
    <ClCompile Include="Entities\Characters\ComputerPlayers\Enemies\HappyFace.cpp">
      <Filter>Source Files</Filter>
    </ClCompile>
    <ClCompile Include="Entities\Characters\ComputerPlayers\Enemies\Rodent.cpp">
      <Filter>Source Files</Filter>
    </ClCompile>
    <ClCompile Include="Entities\Characters\ComputerPlayers\Enemies\Trash.cpp">
      <Filter>Source Files</Filter>
    </ClCompile>
    <ClCompile Include="Entities\Characters\ComputerPlayers\Enemies\Block.cpp">
      <Filter>Source Files</Filter>
    </ClCompile>
    <ClCompile Include="Entities\Characters\ComputerPlayers\Enemies\CollegeStudent.cpp">
      <Filter>Source Files</Filter>
    </ClCompile>
    <ClCompile Include="Entities\Characters\ComputerPlayers\Enemies\Dumb.cpp">
      <Filter>Source Files</Filter>
    </ClCompile>
    <ClCompile Include="GameMap.cpp">
      <Filter>Source Files</Filter>
    </ClCompile>
  </ItemGroup>
  <ItemGroup>
    <ClInclude Include="Game.h">
      <Filter>Header Files</Filter>
    </ClInclude>
    <ClInclude Include="Animations\Animation.h">
      <Filter>Header Files</Filter>
    </ClInclude>
    <ClInclude Include="Animations\AnimatedSprite.h">
      <Filter>Header Files</Filter>
    </ClInclude>
    <ClInclude Include="Entities\Entity.h">
      <Filter>Header Files</Filter>
    </ClInclude>
    <ClInclude Include="Entities\Characters\Character.h">
      <Filter>Header Files</Filter>
    </ClInclude>
    <ClInclude Include="Entities\Characters\Hero\Hero.h">
      <Filter>Header Files</Filter>
    </ClInclude>
    <ClInclude Include="Entities\Items\Potion.h">
      <Filter>Header Files</Filter>
    </ClInclude>
    <ClInclude Include="Entities\Items\Item.h">
      <Filter>Header Files</Filter>
    </ClInclude>
    <ClInclude Include="Entities\Items\Tree.h">
      <Filter>Header Files</Filter>
    </ClInclude>
    <ClInclude Include="ItemBag.h">
      <Filter>Header Files</Filter>
    </ClInclude>
    <ClInclude Include="Entities\Characters\ComputerPlayers\Enemies\FireChicken.h">
      <Filter>Header Files</Filter>
    </ClInclude>
    <ClInclude Include="Factories\ItemFactory.h">
      <Filter>Header Files</Filter>
    </ClInclude>
    <ClInclude Include="Entities\Characters\ComputerPlayers\Enemies\Trash.h">
      <Filter>Header Files</Filter>
    </ClInclude>
    <ClInclude Include="Entities\Characters\ComputerPlayers\Enemies\Fish.h">
      <Filter>Header Files</Filter>
    </ClInclude>
    <ClInclude Include="Entities\Characters\ComputerPlayers\Enemies\FishTwo.h">
      <Filter>Header Files</Filter>
    </ClInclude>
    <ClInclude Include="Entities\Characters\ComputerPlayers\Enemies\FlyingRodent.h">
      <Filter>Header Files</Filter>
    </ClInclude>
    <ClInclude Include="Entities\Characters\ComputerPlayers\Enemies\GhostMan.h">
      <Filter>Header Files</Filter>
    </ClInclude>
    <ClInclude Include="Entities\Characters\ComputerPlayers\Enemies\HairlessCat.h">
      <Filter>Header Files</Filter>
    </ClInclude>
    <ClInclude Include="Entities\Characters\ComputerPlayers\Enemies\HappyFace.h">
      <Filter>Header Files</Filter>
    </ClInclude>
    <ClInclude Include="Entities\Characters\ComputerPlayers\Enemies\Rodent.h">
      <Filter>Header Files</Filter>
    </ClInclude>
    <ClInclude Include="Entities\Characters\ComputerPlayers\Enemies\Block.h">
      <Filter>Header Files</Filter>
    </ClInclude>
    <ClInclude Include="Entities\Characters\ComputerPlayers\Enemies\CollegeStudent.h">
      <Filter>Header Files</Filter>
    </ClInclude>
    <ClInclude Include="Entities\Characters\ComputerPlayers\Enemies\Dumb.h">
      <Filter>Header Files</Filter>
    </ClInclude>
    <ClInclude Include="OrtoMap.h">
      <Filter>Header Files</Filter>
    </ClInclude>
    <ClInclude Include="GameMap.h">
      <Filter>Header Files</Filter>
    </ClInclude>
  </ItemGroup>
  <ItemGroup>
    <None Include="test.tmx" />
    <None Include="Tiles.tsx" />
    <None Include="pokemon.tsx" />
  </ItemGroup>
  <ItemGroup>
    <Image Include="pokemon_tileset_from_public_tiles_32x32_by_chaoticcherrycake_dab2byf.png">
      <Filter>Resource Files</Filter>
    </Image>
    <Image Include="pokemon.png">
      <Filter>Resource Files</Filter>
    </Image>
  </ItemGroup>
</Project>